// !$*UTF8*$!
{
	archiveVersion = 1;
	classes = {
	};
	objectVersion = 46;
	objects = {

/* Begin PBXBuildFile section */
		720C0317182965FF00AAA98D /* ThirdViewController.m in Sources */ = {isa = PBXBuildFile; fileRef = 720C0316182965FF00AAA98D /* ThirdViewController.m */; };
		72344E2717FDC2B60084354A /* Icon.png in Resources */ = {isa = PBXBuildFile; fileRef = 72344E2617FDC2B60084354A /* Icon.png */; };
		72344E2917FDC3930084354A /* IconRes.png in Resources */ = {isa = PBXBuildFile; fileRef = 72344E2817FDC3930084354A /* IconRes.png */; };
		7246EFB7182B3DF0008D90F2 /* CustomCell.m in Sources */ = {isa = PBXBuildFile; fileRef = 7246EFB6182B3DF0008D90F2 /* CustomCell.m */; };
		7255797218271BD9001592F5 /* MessageUI.framework in Frameworks */ = {isa = PBXBuildFile; fileRef = 7255797118271BD9001592F5 /* MessageUI.framework */; };
		7255797418271C00001592F5 /* MessageUI.framework in Frameworks */ = {isa = PBXBuildFile; fileRef = 7255797318271C00001592F5 /* MessageUI.framework */; };
		72EE03D717F5FB8F005E0B62 /* UIKit.framework in Frameworks */ = {isa = PBXBuildFile; fileRef = 72EE03D617F5FB8F005E0B62 /* UIKit.framework */; };
		72EE03D917F5FB8F005E0B62 /* Foundation.framework in Frameworks */ = {isa = PBXBuildFile; fileRef = 72EE03D817F5FB8F005E0B62 /* Foundation.framework */; };
		72EE03DB17F5FB8F005E0B62 /* CoreGraphics.framework in Frameworks */ = {isa = PBXBuildFile; fileRef = 72EE03DA17F5FB8F005E0B62 /* CoreGraphics.framework */; };
		72EE03E117F5FB8F005E0B62 /* InfoPlist.strings in Resources */ = {isa = PBXBuildFile; fileRef = 72EE03DF17F5FB8F005E0B62 /* InfoPlist.strings */; };
		72EE03E317F5FB8F005E0B62 /* main.m in Sources */ = {isa = PBXBuildFile; fileRef = 72EE03E217F5FB8F005E0B62 /* main.m */; };
		72EE03E717F5FB8F005E0B62 /* AppDelegate.m in Sources */ = {isa = PBXBuildFile; fileRef = 72EE03E617F5FB8F005E0B62 /* AppDelegate.m */; };
		72EE03E917F5FB8F005E0B62 /* Default.png in Resources */ = {isa = PBXBuildFile; fileRef = 72EE03E817F5FB8F005E0B62 /* Default.png */; };
		72EE03EB17F5FB8F005E0B62 /* Default@2x.png in Resources */ = {isa = PBXBuildFile; fileRef = 72EE03EA17F5FB8F005E0B62 /* Default@2x.png */; };
		72EE03ED17F5FB8F005E0B62 /* Default-568h@2x.png in Resources */ = {isa = PBXBuildFile; fileRef = 72EE03EC17F5FB8F005E0B62 /* Default-568h@2x.png */; };
		72EE03F017F5FB8F005E0B62 /* MainStoryboard.storyboard in Resources */ = {isa = PBXBuildFile; fileRef = 72EE03EE17F5FB8F005E0B62 /* MainStoryboard.storyboard */; };
		72EE03F317F5FB8F005E0B62 /* FirstViewController.m in Sources */ = {isa = PBXBuildFile; fileRef = 72EE03F217F5FB8F005E0B62 /* FirstViewController.m */; };
		72EE03F517F5FB8F005E0B62 /* first.png in Resources */ = {isa = PBXBuildFile; fileRef = 72EE03F417F5FB8F005E0B62 /* first.png */; };
		72EE03F717F5FB8F005E0B62 /* first@2x.png in Resources */ = {isa = PBXBuildFile; fileRef = 72EE03F617F5FB8F005E0B62 /* first@2x.png */; };
		72EE03FA17F5FB8F005E0B62 /* SecondViewController.m in Sources */ = {isa = PBXBuildFile; fileRef = 72EE03F917F5FB8F005E0B62 /* SecondViewController.m */; };
		72EE03FC17F5FB8F005E0B62 /* second.png in Resources */ = {isa = PBXBuildFile; fileRef = 72EE03FB17F5FB8F005E0B62 /* second.png */; };
		72EE03FE17F5FB8F005E0B62 /* second@2x.png in Resources */ = {isa = PBXBuildFile; fileRef = 72EE03FD17F5FB8F005E0B62 /* second@2x.png */; };
/* End PBXBuildFile section */

/* Begin PBXFileReference section */
		720C0315182965FF00AAA98D /* ThirdViewController.h */ = {isa = PBXFileReference; fileEncoding = 4; lastKnownFileType = sourcecode.c.h; path = ThirdViewController.h; sourceTree = "<group>"; };
		720C0316182965FF00AAA98D /* ThirdViewController.m */ = {isa = PBXFileReference; fileEncoding = 4; lastKnownFileType = sourcecode.c.objc; path = ThirdViewController.m; sourceTree = "<group>"; };
		72344E2617FDC2B60084354A /* Icon.png */ = {isa = PBXFileReference; lastKnownFileType = image.png; path = Icon.png; sourceTree = "<group>"; };
		72344E2817FDC3930084354A /* IconRes.png */ = {isa = PBXFileReference; lastKnownFileType = image.png; path = IconRes.png; sourceTree = "<group>"; };
		7246EFB5182B3DF0008D90F2 /* CustomCell.h */ = {isa = PBXFileReference; fileEncoding = 4; lastKnownFileType = sourcecode.c.h; path = CustomCell.h; sourceTree = "<group>"; };
		7246EFB6182B3DF0008D90F2 /* CustomCell.m */ = {isa = PBXFileReference; fileEncoding = 4; lastKnownFileType = sourcecode.c.objc; path = CustomCell.m; sourceTree = "<group>"; };
		7255797118271BD9001592F5 /* MessageUI.framework */ = {isa = PBXFileReference; lastKnownFileType = wrapper.framework; name = MessageUI.framework; path = System/Library/Frameworks/MessageUI.framework; sourceTree = SDKROOT; };
		7255797318271C00001592F5 /* MessageUI.framework */ = {isa = PBXFileReference; lastKnownFileType = wrapper.framework; name = MessageUI.framework; path = System/Library/Frameworks/MessageUI.framework; sourceTree = SDKROOT; };
		72EE03D317F5FB8F005E0B62 /* WestSchedule.app */ = {isa = PBXFileReference; explicitFileType = wrapper.application; includeInIndex = 0; path = WestSchedule.app; sourceTree = BUILT_PRODUCTS_DIR; };
		72EE03D617F5FB8F005E0B62 /* UIKit.framework */ = {isa = PBXFileReference; lastKnownFileType = wrapper.framework; name = UIKit.framework; path = System/Library/Frameworks/UIKit.framework; sourceTree = SDKROOT; };
		72EE03D817F5FB8F005E0B62 /* Foundation.framework */ = {isa = PBXFileReference; lastKnownFileType = wrapper.framework; name = Foundation.framework; path = System/Library/Frameworks/Foundation.framework; sourceTree = SDKROOT; };
		72EE03DA17F5FB8F005E0B62 /* CoreGraphics.framework */ = {isa = PBXFileReference; lastKnownFileType = wrapper.framework; name = CoreGraphics.framework; path = System/Library/Frameworks/CoreGraphics.framework; sourceTree = SDKROOT; };
		72EE03DE17F5FB8F005E0B62 /* WestSchedule-Info.plist */ = {isa = PBXFileReference; lastKnownFileType = text.plist.xml; path = "WestSchedule-Info.plist"; sourceTree = "<group>"; };
		72EE03E017F5FB8F005E0B62 /* en */ = {isa = PBXFileReference; lastKnownFileType = text.plist.strings; name = en; path = en.lproj/InfoPlist.strings; sourceTree = "<group>"; };
		72EE03E217F5FB8F005E0B62 /* main.m */ = {isa = PBXFileReference; lastKnownFileType = sourcecode.c.objc; path = main.m; sourceTree = "<group>"; };
		72EE03E417F5FB8F005E0B62 /* WestSchedule-Prefix.pch */ = {isa = PBXFileReference; lastKnownFileType = sourcecode.c.h; path = "WestSchedule-Prefix.pch"; sourceTree = "<group>"; };
		72EE03E517F5FB8F005E0B62 /* AppDelegate.h */ = {isa = PBXFileReference; lastKnownFileType = sourcecode.c.h; path = AppDelegate.h; sourceTree = "<group>"; };
		72EE03E617F5FB8F005E0B62 /* AppDelegate.m */ = {isa = PBXFileReference; lastKnownFileType = sourcecode.c.objc; path = AppDelegate.m; sourceTree = "<group>"; };
		72EE03E817F5FB8F005E0B62 /* Default.png */ = {isa = PBXFileReference; lastKnownFileType = image.png; path = Default.png; sourceTree = "<group>"; };
		72EE03EA17F5FB8F005E0B62 /* Default@2x.png */ = {isa = PBXFileReference; lastKnownFileType = image.png; path = "Default@2x.png"; sourceTree = "<group>"; };
		72EE03EC17F5FB8F005E0B62 /* Default-568h@2x.png */ = {isa = PBXFileReference; lastKnownFileType = image.png; path = "Default-568h@2x.png"; sourceTree = "<group>"; };
		72EE03EF17F5FB8F005E0B62 /* en */ = {isa = PBXFileReference; lastKnownFileType = file.storyboard; name = en; path = en.lproj/MainStoryboard.storyboard; sourceTree = "<group>"; };
		72EE03F117F5FB8F005E0B62 /* FirstViewController.h */ = {isa = PBXFileReference; lastKnownFileType = sourcecode.c.h; path = FirstViewController.h; sourceTree = "<group>"; };
		72EE03F217F5FB8F005E0B62 /* FirstViewController.m */ = {isa = PBXFileReference; lastKnownFileType = sourcecode.c.objc; path = FirstViewController.m; sourceTree = "<group>"; };
		72EE03F417F5FB8F005E0B62 /* first.png */ = {isa = PBXFileReference; lastKnownFileType = image.png; path = first.png; sourceTree = "<group>"; };
		72EE03F617F5FB8F005E0B62 /* first@2x.png */ = {isa = PBXFileReference; lastKnownFileType = image.png; path = "first@2x.png"; sourceTree = "<group>"; };
		72EE03F817F5FB8F005E0B62 /* SecondViewController.h */ = {isa = PBXFileReference; lastKnownFileType = sourcecode.c.h; path = SecondViewController.h; sourceTree = "<group>"; };
		72EE03F917F5FB8F005E0B62 /* SecondViewController.m */ = {isa = PBXFileReference; lastKnownFileType = sourcecode.c.objc; path = SecondViewController.m; sourceTree = "<group>"; };
		72EE03FB17F5FB8F005E0B62 /* second.png */ = {isa = PBXFileReference; lastKnownFileType = image.png; path = second.png; sourceTree = "<group>"; };
		72EE03FD17F5FB8F005E0B62 /* second@2x.png */ = {isa = PBXFileReference; lastKnownFileType = image.png; path = "second@2x.png"; sourceTree = "<group>"; };
/* End PBXFileReference section */

/* Begin PBXFrameworksBuildPhase section */
		72EE03D017F5FB8E005E0B62 /* Frameworks */ = {
			isa = PBXFrameworksBuildPhase;
			buildActionMask = 2147483647;
			files = (
				7255797218271BD9001592F5 /* MessageUI.framework in Frameworks */,
				72EE03D717F5FB8F005E0B62 /* UIKit.framework in Frameworks */,
				72EE03D917F5FB8F005E0B62 /* Foundation.framework in Frameworks */,
				72EE03DB17F5FB8F005E0B62 /* CoreGraphics.framework in Frameworks */,
				7255797418271C00001592F5 /* MessageUI.framework in Frameworks */,
			);
			runOnlyForDeploymentPostprocessing = 0;
		};
/* End PBXFrameworksBuildPhase section */

/* Begin PBXGroup section */
		72EE03CA17F5FB8E005E0B62 = {
			isa = PBXGroup;
			children = (
				7246EFB5182B3DF0008D90F2 /* CustomCell.h */,
				7246EFB6182B3DF0008D90F2 /* CustomCell.m */,
				7255797118271BD9001592F5 /* MessageUI.framework */,
				72344E2817FDC3930084354A /* IconRes.png */,
				72344E2617FDC2B60084354A /* Icon.png */,
				72EE03DC17F5FB8F005E0B62 /* WestSchedule */,
				72EE03D517F5FB8F005E0B62 /* Frameworks */,
				72EE03D417F5FB8F005E0B62 /* Products */,
			);
			sourceTree = "<group>";
		};
		72EE03D417F5FB8F005E0B62 /* Products */ = {
			isa = PBXGroup;
			children = (
				72EE03D317F5FB8F005E0B62 /* WestSchedule.app */,
			);
			name = Products;
			sourceTree = "<group>";
		};
		72EE03D517F5FB8F005E0B62 /* Frameworks */ = {
			isa = PBXGroup;
			children = (
				7255797318271C00001592F5 /* MessageUI.framework */,
				72EE03D617F5FB8F005E0B62 /* UIKit.framework */,
				72EE03D817F5FB8F005E0B62 /* Foundation.framework */,
				72EE03DA17F5FB8F005E0B62 /* CoreGraphics.framework */,
			);
			name = Frameworks;
			sourceTree = "<group>";
		};
		72EE03DC17F5FB8F005E0B62 /* WestSchedule */ = {
			isa = PBXGroup;
			children = (
				720C0315182965FF00AAA98D /* ThirdViewController.h */,
				720C0316182965FF00AAA98D /* ThirdViewController.m */,
				72EE03E517F5FB8F005E0B62 /* AppDelegate.h */,
				72EE03E617F5FB8F005E0B62 /* AppDelegate.m */,
				72EE03EE17F5FB8F005E0B62 /* MainStoryboard.storyboard */,
				72EE03F117F5FB8F005E0B62 /* FirstViewController.h */,
				72EE03F217F5FB8F005E0B62 /* FirstViewController.m */,
				72EE03F417F5FB8F005E0B62 /* first.png */,
				72EE03F617F5FB8F005E0B62 /* first@2x.png */,
				72EE03F817F5FB8F005E0B62 /* SecondViewController.h */,
				72EE03F917F5FB8F005E0B62 /* SecondViewController.m */,
				72EE03FB17F5FB8F005E0B62 /* second.png */,
				72EE03FD17F5FB8F005E0B62 /* second@2x.png */,
				72EE03DD17F5FB8F005E0B62 /* Supporting Files */,
			);
			path = WestSchedule;
			sourceTree = "<group>";
		};
		72EE03DD17F5FB8F005E0B62 /* Supporting Files */ = {
			isa = PBXGroup;
			children = (
				72EE03DE17F5FB8F005E0B62 /* WestSchedule-Info.plist */,
				72EE03DF17F5FB8F005E0B62 /* InfoPlist.strings */,
				72EE03E217F5FB8F005E0B62 /* main.m */,
				72EE03E417F5FB8F005E0B62 /* WestSchedule-Prefix.pch */,
				72EE03E817F5FB8F005E0B62 /* Default.png */,
				72EE03EA17F5FB8F005E0B62 /* Default@2x.png */,
				72EE03EC17F5FB8F005E0B62 /* Default-568h@2x.png */,
			);
			name = "Supporting Files";
			sourceTree = "<group>";
		};
/* End PBXGroup section */

/* Begin PBXNativeTarget section */
		72EE03D217F5FB8E005E0B62 /* WestSchedule */ = {
			isa = PBXNativeTarget;
			buildConfigurationList = 72EE040117F5FB8F005E0B62 /* Build configuration list for PBXNativeTarget "WestSchedule" */;
			buildPhases = (
				72EE03CF17F5FB8E005E0B62 /* Sources */,
				72EE03D017F5FB8E005E0B62 /* Frameworks */,
				72EE03D117F5FB8E005E0B62 /* Resources */,
			);
			buildRules = (
			);
			dependencies = (
			);
			name = WestSchedule;
			productName = WestSchedule;
			productReference = 72EE03D317F5FB8F005E0B62 /* WestSchedule.app */;
			productType = "com.apple.product-type.application";
		};
/* End PBXNativeTarget section */

/* Begin PBXProject section */
		72EE03CB17F5FB8E005E0B62 /* Project object */ = {
			isa = PBXProject;
			attributes = {
				LastUpgradeCheck = 0460;
				ORGANIZATIONNAME = "Adam Sanders";
			};
			buildConfigurationList = 72EE03CE17F5FB8E005E0B62 /* Build configuration list for PBXProject "WestSchedule" */;
			compatibilityVersion = "Xcode 3.2";
			developmentRegion = English;
			hasScannedForEncodings = 0;
			knownRegions = (
				en,
			);
			mainGroup = 72EE03CA17F5FB8E005E0B62;
			productRefGroup = 72EE03D417F5FB8F005E0B62 /* Products */;
			projectDirPath = "";
			projectRoot = "";
			targets = (
				72EE03D217F5FB8E005E0B62 /* WestSchedule */,
			);
		};
/* End PBXProject section */

/* Begin PBXResourcesBuildPhase section */
		72EE03D117F5FB8E005E0B62 /* Resources */ = {
			isa = PBXResourcesBuildPhase;
			buildActionMask = 2147483647;
			files = (
				72EE03E117F5FB8F005E0B62 /* InfoPlist.strings in Resources */,
				72EE03E917F5FB8F005E0B62 /* Default.png in Resources */,
				72EE03EB17F5FB8F005E0B62 /* Default@2x.png in Resources */,
				72EE03ED17F5FB8F005E0B62 /* Default-568h@2x.png in Resources */,
				72EE03F017F5FB8F005E0B62 /* MainStoryboard.storyboard in Resources */,
				72EE03F517F5FB8F005E0B62 /* first.png in Resources */,
				72EE03F717F5FB8F005E0B62 /* first@2x.png in Resources */,
				72EE03FC17F5FB8F005E0B62 /* second.png in Resources */,
				72EE03FE17F5FB8F005E0B62 /* second@2x.png in Resources */,
				72344E2717FDC2B60084354A /* Icon.png in Resources */,
				72344E2917FDC3930084354A /* IconRes.png in Resources */,
			);
			runOnlyForDeploymentPostprocessing = 0;
		};
/* End PBXResourcesBuildPhase section */

/* Begin PBXSourcesBuildPhase section */
		72EE03CF17F5FB8E005E0B62 /* Sources */ = {
			isa = PBXSourcesBuildPhase;
			buildActionMask = 2147483647;
			files = (
				72EE03E317F5FB8F005E0B62 /* main.m in Sources */,
				72EE03E717F5FB8F005E0B62 /* AppDelegate.m in Sources */,
				72EE03F317F5FB8F005E0B62 /* FirstViewController.m in Sources */,
				72EE03FA17F5FB8F005E0B62 /* SecondViewController.m in Sources */,
				720C0317182965FF00AAA98D /* ThirdViewController.m in Sources */,
				7246EFB7182B3DF0008D90F2 /* CustomCell.m in Sources */,
			);
			runOnlyForDeploymentPostprocessing = 0;
		};
/* End PBXSourcesBuildPhase section */

/* Begin PBXVariantGroup section */
		72EE03DF17F5FB8F005E0B62 /* InfoPlist.strings */ = {
			isa = PBXVariantGroup;
			children = (
				72EE03E017F5FB8F005E0B62 /* en */,
			);
			name = InfoPlist.strings;
			sourceTree = "<group>";
		};
		72EE03EE17F5FB8F005E0B62 /* MainStoryboard.storyboard */ = {
			isa = PBXVariantGroup;
			children = (
				72EE03EF17F5FB8F005E0B62 /* en */,
			);
			name = MainStoryboard.storyboard;
			sourceTree = "<group>";
		};
/* End PBXVariantGroup section */

/* Begin XCBuildConfiguration section */
		72EE03FF17F5FB8F005E0B62 /* Debug */ = {
			isa = XCBuildConfiguration;
			buildSettings = {
				ALWAYS_SEARCH_USER_PATHS = NO;
				CLANG_CXX_LANGUAGE_STANDARD = "gnu++0x";
				CLANG_CXX_LIBRARY = "libc++";
				CLANG_ENABLE_OBJC_ARC = YES;
				CLANG_WARN_CONSTANT_CONVERSION = YES;
				CLANG_WARN_EMPTY_BODY = YES;
				CLANG_WARN_ENUM_CONVERSION = YES;
				CLANG_WARN_INT_CONVERSION = YES;
				CLANG_WARN__DUPLICATE_METHOD_MATCH = YES;
				"CODE_SIGN_IDENTITY[sdk=iphoneos*]" = "iPhone Developer";
				COPY_PHASE_STRIP = NO;
				GCC_C_LANGUAGE_STANDARD = gnu99;
				GCC_DYNAMIC_NO_PIC = NO;
				GCC_OPTIMIZATION_LEVEL = 0;
				GCC_PREPROCESSOR_DEFINITIONS = (
					"DEBUG=1",
					"$(inherited)",
				);
				GCC_SYMBOLS_PRIVATE_EXTERN = NO;
				GCC_WARN_ABOUT_RETURN_TYPE = YES;
				GCC_WARN_UNINITIALIZED_AUTOS = YES;
				GCC_WARN_UNUSED_VARIABLE = YES;
				IPHONEOS_DEPLOYMENT_TARGET = 6.1;
				ONLY_ACTIVE_ARCH = YES;
				SDKROOT = iphoneos;
			};
			name = Debug;
		};
		72EE040017F5FB8F005E0B62 /* Release */ = {
			isa = XCBuildConfiguration;
			buildSettings = {
				ALWAYS_SEARCH_USER_PATHS = NO;
				CLANG_CXX_LANGUAGE_STANDARD = "gnu++0x";
				CLANG_CXX_LIBRARY = "libc++";
				CLANG_ENABLE_OBJC_ARC = YES;
				CLANG_WARN_CONSTANT_CONVERSION = YES;
				CLANG_WARN_EMPTY_BODY = YES;
				CLANG_WARN_ENUM_CONVERSION = YES;
				CLANG_WARN_INT_CONVERSION = YES;
				CLANG_WARN__DUPLICATE_METHOD_MATCH = YES;
				"CODE_SIGN_IDENTITY[sdk=iphoneos*]" = "iPhone Developer";
				COPY_PHASE_STRIP = YES;
				GCC_C_LANGUAGE_STANDARD = gnu99;
				GCC_WARN_ABOUT_RETURN_TYPE = YES;
				GCC_WARN_UNINITIALIZED_AUTOS = YES;
				GCC_WARN_UNUSED_VARIABLE = YES;
				IPHONEOS_DEPLOYMENT_TARGET = 6.1;
				OTHER_CFLAGS = "-DNS_BLOCK_ASSERTIONS=1";
				SDKROOT = iphoneos;
				VALIDATE_PRODUCT = YES;
			};
			name = Release;
		};
		72EE040217F5FB8F005E0B62 /* Debug */ = {
			isa = XCBuildConfiguration;
			buildSettings = {
				GCC_PRECOMPILE_PREFIX_HEADER = YES;
				GCC_PREFIX_HEADER = "WestSchedule/WestSchedule-Prefix.pch";
				INFOPLIST_FILE = "WestSchedule/WestSchedule-Info.plist";
				PRODUCT_NAME = "$(TARGET_NAME)";
				WRAPPER_EXTENSION = app;
			};
			name = Debug;
		};
		72EE040317F5FB8F005E0B62 /* Release */ = {
			isa = XCBuildConfiguration;
			buildSettings = {
				GCC_PRECOMPILE_PREFIX_HEADER = YES;
				GCC_PREFIX_HEADER = "WestSchedule/WestSchedule-Prefix.pch";
				INFOPLIST_FILE = "WestSchedule/WestSchedule-Info.plist";
				PRODUCT_NAME = "$(TARGET_NAME)";
				WRAPPER_EXTENSION = app;
			};
			name = Release;
		};
/* End XCBuildConfiguration section */

/* Begin XCConfigurationList section */
		72EE03CE17F5FB8E005E0B62 /* Build configuration list for PBXProject "WestSchedule" */ = {
			isa = XCConfigurationList;
			buildConfigurations = (
				72EE03FF17F5FB8F005E0B62 /* Debug */,
				72EE040017F5FB8F005E0B62 /* Release */,
			);
			defaultConfigurationIsVisible = 0;
			defaultConfigurationName = Release;
		};
		72EE040117F5FB8F005E0B62 /* Build configuration list for PBXNativeTarget "WestSchedule" */ = {
			isa = XCConfigurationList;
			buildConfigurations = (
				72EE040217F5FB8F005E0B62 /* Debug */,
				72EE040317F5FB8F005E0B62 /* Release */,
			);
			defaultConfigurationIsVisible = 0;
			defaultConfigurationName = Release;
		};
/* End XCConfigurationList section */
	};
	rootObject = 72EE03CB17F5FB8E005E0B62 /* Project object */;
}
